
Microsoft Visual Studio Solution File, Format Version 12.00
# Visual Studio Version 16
VisualStudioVersion = 16.0.29306.81
MinimumVisualStudioVersion = 10.0.40219.1
Project("{FAE04EC0-301F-11D3-BF4B-00C04F79EFBC}") = "EUProvinceEditor", "EUProvinceEditor\EUProvinceEditor.csproj", "{9BD12531-FD59-4C3D-8249-700CBF4A4EB9}"
EndProject
Project("{FAE04EC0-301F-11D3-BF4B-00C04F79EFBC}") = "FolderCreator", "FolderCreator\FolderCreator.csproj", "{45439E69-74EF-4AC9-A3FC-B1EA2FE11B40}"
EndProject
Global
	GlobalSection(SolutionConfigurationPlatforms) = preSolution
		Debug|Any CPU = Debug|Any CPU
		Release|Any CPU = Release|Any CPU
	EndGlobalSection
	GlobalSection(ProjectConfigurationPlatforms) = postSolution
		{9BD12531-FD59-4C3D-8249-700CBF4A4EB9}.Debug|Any CPU.ActiveCfg = Debug|Any CPU
		{9BD12531-FD59-4C3D-8249-700CBF4A4EB9}.Debug|Any CPU.Build.0 = Debug|Any CPU
		{9BD12531-FD59-4C3D-8249-700CBF4A4EB9}.Release|Any CPU.ActiveCfg = Release|Any CPU
		{9BD12531-FD59-4C3D-8249-700CBF4A4EB9}.Release|Any CPU.Build.0 = Release|Any CPU
		{45439E69-74EF-4AC9-A3FC-B1EA2FE11B40}.Debug|Any CPU.ActiveCfg = Debug|Any CPU
		{45439E69-74EF-4AC9-A3FC-B1EA2FE11B40}.Debug|Any CPU.Build.0 = Debug|Any CPU
		{45439E69-74EF-4AC9-A3FC-B1EA2FE11B40}.Release|Any CPU.ActiveCfg = Release|Any CPU
		{45439E69-74EF-4AC9-A3FC-B1EA2FE11B40}.Release|Any CPU.Build.0 = Release|Any CPU
	EndGlobalSection
	GlobalSection(SolutionProperties) = preSolution
		HideSolutionNode = FALSE
	EndGlobalSection
	GlobalSection(ExtensibilityGlobals) = postSolution
		SolutionGuid = {DC3F306C-9319-4B26-983A-C6D52113040A}
	EndGlobalSection
EndGlobal
